
Microsoft Visual Studio Solution File, Format Version 12.00
# Visual Studio 15
VisualStudioVersion = 15.0.28307.902
MinimumVisualStudioVersion = 10.0.40219.1
Project("{FAE04EC0-301F-11D3-BF4B-00C04F79EFBC}") = "J3Week.Android", "J3Week\J3Week.Android\J3Week.Android.csproj", "{4093F991-5CC8-44F6-85BC-62809DDB76B6}"
EndProject
Project("{FAE04EC0-301F-11D3-BF4B-00C04F79EFBC}") = "J3Week.iOS", "J3Week\J3Week.iOS\J3Week.iOS.csproj", "{E27EB172-7A9D-4C89-98C2-93AAF045C46D}"
EndProject
Project("{FAE04EC0-301F-11D3-BF4B-00C04F79EFBC}") = "J3Week", "J3Week\J3Week\J3Week.csproj", "{10C5D9DA-C640-4367-BCA5-25500A3AC426}"
EndProject
Global
	GlobalSection(SolutionConfigurationPlatforms) = preSolution
		Ad-Hoc|Any CPU = Ad-Hoc|Any CPU
		Ad-Hoc|iPhone = Ad-Hoc|iPhone
		Ad-Hoc|iPhoneSimulator = Ad-Hoc|iPhoneSimulator
		AppStore|Any CPU = AppStore|Any CPU
		AppStore|iPhone = AppStore|iPhone
		AppStore|iPhoneSimulator = AppStore|iPhoneSimulator
		Debug|Any CPU = Debug|Any CPU
		Debug|iPhone = Debug|iPhone
		Debug|iPhoneSimulator = Debug|iPhoneSimulator
		Release|Any CPU = Release|Any CPU
		Release|iPhone = Release|iPhone
		Release|iPhoneSimulator = Release|iPhoneSimulator
	EndGlobalSection
	GlobalSection(ProjectConfigurationPlatforms) = postSolution
		{4093F991-5CC8-44F6-85BC-62809DDB76B6}.Ad-Hoc|Any CPU.ActiveCfg = Release|Any CPU
		{4093F991-5CC8-44F6-85BC-62809DDB76B6}.Ad-Hoc|Any CPU.Build.0 = Release|Any CPU
		{4093F991-5CC8-44F6-85BC-62809DDB76B6}.Ad-Hoc|Any CPU.Deploy.0 = Release|Any CPU
		{4093F991-5CC8-44F6-85BC-62809DDB76B6}.Ad-Hoc|iPhone.ActiveCfg = Release|Any CPU
		{4093F991-5CC8-44F6-85BC-62809DDB76B6}.Ad-Hoc|iPhone.Build.0 = Release|Any CPU
		{4093F991-5CC8-44F6-85BC-62809DDB76B6}.Ad-Hoc|iPhone.Deploy.0 = Release|Any CPU
		{4093F991-5CC8-44F6-85BC-62809DDB76B6}.Ad-Hoc|iPhoneSimulator.ActiveCfg = Release|Any CPU
		{4093F991-5CC8-44F6-85BC-62809DDB76B6}.Ad-Hoc|iPhoneSimulator.Build.0 = Release|Any CPU
		{4093F991-5CC8-44F6-85BC-62809DDB76B6}.Ad-Hoc|iPhoneSimulator.Deploy.0 = Release|Any CPU
		{4093F991-5CC8-44F6-85BC-62809DDB76B6}.AppStore|Any CPU.ActiveCfg = Release|Any CPU
		{4093F991-5CC8-44F6-85BC-62809DDB76B6}.AppStore|Any CPU.Build.0 = Release|Any CPU
		{4093F991-5CC8-44F6-85BC-62809DDB76B6}.AppStore|Any CPU.Deploy.0 = Release|Any CPU
		{4093F991-5CC8-44F6-85BC-62809DDB76B6}.AppStore|iPhone.ActiveCfg = Release|Any CPU
		{4093F991-5CC8-44F6-85BC-62809DDB76B6}.AppStore|iPhone.Build.0 = Release|Any CPU
		{4093F991-5CC8-44F6-85BC-62809DDB76B6}.AppStore|iPhone.Deploy.0 = Release|Any CPU
		{4093F991-5CC8-44F6-85BC-62809DDB76B6}.AppStore|iPhoneSimulator.ActiveCfg = Release|Any CPU
		{4093F991-5CC8-44F6-85BC-62809DDB76B6}.AppStore|iPhoneSimulator.Build.0 = Release|Any CPU
		{4093F991-5CC8-44F6-85BC-62809DDB76B6}.AppStore|iPhoneSimulator.Deploy.0 = Release|Any CPU
		{4093F991-5CC8-44F6-85BC-62809DDB76B6}.Debug|Any CPU.ActiveCfg = Debug|Any CPU
		{4093F991-5CC8-44F6-85BC-62809DDB76B6}.Debug|Any CPU.Build.0 = Debug|Any CPU
		{4093F991-5CC8-44F6-85BC-62809DDB76B6}.Debug|Any CPU.Deploy.0 = Debug|Any CPU
		{4093F991-5CC8-44F6-85BC-62809DDB76B6}.Debug|iPhone.ActiveCfg = Debug|Any CPU
		{4093F991-5CC8-44F6-85BC-62809DDB76B6}.Debug|iPhone.Build.0 = Debug|Any CPU
		{4093F991-5CC8-44F6-85BC-62809DDB76B6}.Debug|iPhone.Deploy.0 = Debug|Any CPU
		{4093F991-5CC8-44F6-85BC-62809DDB76B6}.Debug|iPhoneSimulator.ActiveCfg = Debug|Any CPU
		{4093F991-5CC8-44F6-85BC-62809DDB76B6}.Debug|iPhoneSimulator.Build.0 = Debug|Any CPU
		{4093F991-5CC8-44F6-85BC-62809DDB76B6}.Debug|iPhoneSimulator.Deploy.0 = Debug|Any CPU
		{4093F991-5CC8-44F6-85BC-62809DDB76B6}.Release|Any CPU.ActiveCfg = Release|Any CPU
		{4093F991-5CC8-44F6-85BC-62809DDB76B6}.Release|Any CPU.Build.0 = Release|Any CPU
		{4093F991-5CC8-44F6-85BC-62809DDB76B6}.Release|Any CPU.Deploy.0 = Release|Any CPU
		{4093F991-5CC8-44F6-85BC-62809DDB76B6}.Release|iPhone.ActiveCfg = Release|Any CPU
		{4093F991-5CC8-44F6-85BC-62809DDB76B6}.Release|iPhone.Build.0 = Release|Any CPU
		{4093F991-5CC8-44F6-85BC-62809DDB76B6}.Release|iPhone.Deploy.0 = Release|Any CPU
		{4093F991-5CC8-44F6-85BC-62809DDB76B6}.Release|iPhoneSimulator.ActiveCfg = Release|Any CPU
		{4093F991-5CC8-44F6-85BC-62809DDB76B6}.Release|iPhoneSimulator.Build.0 = Release|Any CPU
		{4093F991-5CC8-44F6-85BC-62809DDB76B6}.Release|iPhoneSimulator.Deploy.0 = Release|Any CPU
		{E27EB172-7A9D-4C89-98C2-93AAF045C46D}.Ad-Hoc|Any CPU.ActiveCfg = Ad-Hoc|iPhone
		{E27EB172-7A9D-4C89-98C2-93AAF045C46D}.Ad-Hoc|Any CPU.Build.0 = Ad-Hoc|iPhone
		{E27EB172-7A9D-4C89-98C2-93AAF045C46D}.Ad-Hoc|Any CPU.Deploy.0 = Ad-Hoc|iPhone
		{E27EB172-7A9D-4C89-98C2-93AAF045C46D}.Ad-Hoc|iPhone.ActiveCfg = Ad-Hoc|iPhone
		{E27EB172-7A9D-4C89-98C2-93AAF045C46D}.Ad-Hoc|iPhone.Build.0 = Ad-Hoc|iPhone
		{E27EB172-7A9D-4C89-98C2-93AAF045C46D}.Ad-Hoc|iPhone.Deploy.0 = Ad-Hoc|iPhone
		{E27EB172-7A9D-4C89-98C2-93AAF045C46D}.Ad-Hoc|iPhoneSimulator.ActiveCfg = Ad-Hoc|iPhoneSimulator
		{E27EB172-7A9D-4C89-98C2-93AAF045C46D}.Ad-Hoc|iPhoneSimulator.Build.0 = Ad-Hoc|iPhoneSimulator
		{E27EB172-7A9D-4C89-98C2-93AAF045C46D}.Ad-Hoc|iPhoneSimulator.Deploy.0 = Ad-Hoc|iPhoneSimulator
		{E27EB172-7A9D-4C89-98C2-93AAF045C46D}.AppStore|Any CPU.ActiveCfg = AppStore|iPhone
		{E27EB172-7A9D-4C89-98C2-93AAF045C46D}.AppStore|Any CPU.Build.0 = AppStore|iPhone
		{E27EB172-7A9D-4C89-98C2-93AAF045C46D}.AppStore|Any CPU.Deploy.0 = AppStore|iPhone
		{E27EB172-7A9D-4C89-98C2-93AAF045C46D}.AppStore|iPhone.ActiveCfg = AppStore|iPhone
		{E27EB172-7A9D-4C89-98C2-93AAF045C46D}.AppStore|iPhone.Build.0 = AppStore|iPhone
		{E27EB172-7A9D-4C89-98C2-93AAF045C46D}.AppStore|iPhone.Deploy.0 = AppStore|iPhone
		{E27EB172-7A9D-4C89-98C2-93AAF045C46D}.AppStore|iPhoneSimulator.ActiveCfg = AppStore|iPhoneSimulator
		{E27EB172-7A9D-4C89-98C2-93AAF045C46D}.AppStore|iPhoneSimulator.Build.0 = AppStore|iPhoneSimulator
		{E27EB172-7A9D-4C89-98C2-93AAF045C46D}.AppStore|iPhoneSimulator.Deploy.0 = AppStore|iPhoneSimulator
		{E27EB172-7A9D-4C89-98C2-93AAF045C46D}.Debug|Any CPU.ActiveCfg = Debug|iPhoneSimulator
		{E27EB172-7A9D-4C89-98C2-93AAF045C46D}.Debug|Any CPU.Build.0 = Debug|iPhoneSimulator
		{E27EB172-7A9D-4C89-98C2-93AAF045C46D}.Debug|Any CPU.Deploy.0 = Debug|iPhoneSimulator
		{E27EB172-7A9D-4C89-98C2-93AAF045C46D}.Debug|iPhone.ActiveCfg = Debug|iPhone
		{E27EB172-7A9D-4C89-98C2-93AAF045C46D}.Debug|iPhone.Build.0 = Debug|iPhone
		{E27EB172-7A9D-4C89-98C2-93AAF045C46D}.Debug|iPhone.Deploy.0 = Debug|iPhone
		{E27EB172-7A9D-4C89-98C2-93AAF045C46D}.Debug|iPhoneSimulator.ActiveCfg = Debug|iPhoneSimulator
		{E27EB172-7A9D-4C89-98C2-93AAF045C46D}.Debug|iPhoneSimulator.Build.0 = Debug|iPhoneSimulator
		{E27EB172-7A9D-4C89-98C2-93AAF045C46D}.Debug|iPhoneSimulator.Deploy.0 = Debug|iPhoneSimulator
		{E27EB172-7A9D-4C89-98C2-93AAF045C46D}.Release|Any CPU.ActiveCfg = Release|iPhone
		{E27EB172-7A9D-4C89-98C2-93AAF045C46D}.Release|Any CPU.Build.0 = Release|iPhone
		{E27EB172-7A9D-4C89-98C2-93AAF045C46D}.Release|Any CPU.Deploy.0 = Release|iPhone
		{E27EB172-7A9D-4C89-98C2-93AAF045C46D}.Release|iPhone.ActiveCfg = Release|iPhone
		{E27EB172-7A9D-4C89-98C2-93AAF045C46D}.Release|iPhone.Build.0 = Release|iPhone
		{E27EB172-7A9D-4C89-98C2-93AAF045C46D}.Release|iPhone.Deploy.0 = Release|iPhone
		{E27EB172-7A9D-4C89-98C2-93AAF045C46D}.Release|iPhoneSimulator.ActiveCfg = Release|iPhoneSimulator
		{E27EB172-7A9D-4C89-98C2-93AAF045C46D}.Release|iPhoneSimulator.Build.0 = Release|iPhoneSimulator
		{E27EB172-7A9D-4C89-98C2-93AAF045C46D}.Release|iPhoneSimulator.Deploy.0 = Release|iPhoneSimulator
		{10C5D9DA-C640-4367-BCA5-25500A3AC426}.Ad-Hoc|Any CPU.ActiveCfg = Debug|Any CPU
		{10C5D9DA-C640-4367-BCA5-25500A3AC426}.Ad-Hoc|Any CPU.Build.0 = Debug|Any CPU
		{10C5D9DA-C640-4367-BCA5-25500A3AC426}.Ad-Hoc|Any CPU.Deploy.0 = Debug|Any CPU
		{10C5D9DA-C640-4367-BCA5-25500A3AC426}.Ad-Hoc|iPhone.ActiveCfg = Debug|Any CPU
		{10C5D9DA-C640-4367-BCA5-25500A3AC426}.Ad-Hoc|iPhone.Build.0 = Debug|Any CPU
		{10C5D9DA-C640-4367-BCA5-25500A3AC426}.Ad-Hoc|iPhone.Deploy.0 = Debug|Any CPU
		{10C5D9DA-C640-4367-BCA5-25500A3AC426}.Ad-Hoc|iPhoneSimulator.ActiveCfg = Debug|Any CPU
		{10C5D9DA-C640-4367-BCA5-25500A3AC426}.Ad-Hoc|iPhoneSimulator.Build.0 = Debug|Any CPU
		{10C5D9DA-C640-4367-BCA5-25500A3AC426}.Ad-Hoc|iPhoneSimulator.Deploy.0 = Debug|Any CPU
		{10C5D9DA-C640-4367-BCA5-25500A3AC426}.AppStore|Any CPU.ActiveCfg = Debug|Any CPU
		{10C5D9DA-C640-4367-BCA5-25500A3AC426}.AppStore|Any CPU.Build.0 = Debug|Any CPU
		{10C5D9DA-C640-4367-BCA5-25500A3AC426}.AppStore|Any CPU.Deploy.0 = Debug|Any CPU
		{10C5D9DA-C640-4367-BCA5-25500A3AC426}.AppStore|iPhone.ActiveCfg = Debug|Any CPU
		{10C5D9DA-C640-4367-BCA5-25500A3AC426}.AppStore|iPhone.Build.0 = Debug|Any CPU
		{10C5D9DA-C640-4367-BCA5-25500A3AC426}.AppStore|iPhone.Deploy.0 = Debug|Any CPU
		{10C5D9DA-C640-4367-BCA5-25500A3AC426}.AppStore|iPhoneSimulator.ActiveCfg = Debug|Any CPU
		{10C5D9DA-C640-4367-BCA5-25500A3AC426}.AppStore|iPhoneSimulator.Build.0 = Debug|Any CPU
		{10C5D9DA-C640-4367-BCA5-25500A3AC426}.AppStore|iPhoneSimulator.Deploy.0 = Debug|Any CPU
		{10C5D9DA-C640-4367-BCA5-25500A3AC426}.Debug|Any CPU.ActiveCfg = Debug|Any CPU
		{10C5D9DA-C640-4367-BCA5-25500A3AC426}.Debug|Any CPU.Build.0 = Debug|Any CPU
		{10C5D9DA-C640-4367-BCA5-25500A3AC426}.Debug|Any CPU.Deploy.0 = Debug|Any CPU
		{10C5D9DA-C640-4367-BCA5-25500A3AC426}.Debug|iPhone.ActiveCfg = Debug|Any CPU
		{10C5D9DA-C640-4367-BCA5-25500A3AC426}.Debug|iPhone.Build.0 = Debug|Any CPU
		{10C5D9DA-C640-4367-BCA5-25500A3AC426}.Debug|iPhone.Deploy.0 = Debug|Any CPU
		{10C5D9DA-C640-4367-BCA5-25500A3AC426}.Debug|iPhoneSimulator.ActiveCfg = Debug|Any CPU
		{10C5D9DA-C640-4367-BCA5-25500A3AC426}.Debug|iPhoneSimulator.Build.0 = Debug|Any CPU
		{10C5D9DA-C640-4367-BCA5-25500A3AC426}.Debug|iPhoneSimulator.Deploy.0 = Debug|Any CPU
		{10C5D9DA-C640-4367-BCA5-25500A3AC426}.Release|Any CPU.ActiveCfg = Release|Any CPU
		{10C5D9DA-C640-4367-BCA5-25500A3AC426}.Release|Any CPU.Build.0 = Release|Any CPU
		{10C5D9DA-C640-4367-BCA5-25500A3AC426}.Release|Any CPU.Deploy.0 = Release|Any CPU
		{10C5D9DA-C640-4367-BCA5-25500A3AC426}.Release|iPhone.ActiveCfg = Release|Any CPU
		{10C5D9DA-C640-4367-BCA5-25500A3AC426}.Release|iPhone.Build.0 = Release|Any CPU
		{10C5D9DA-C640-4367-BCA5-25500A3AC426}.Release|iPhone.Deploy.0 = Release|Any CPU
		{10C5D9DA-C640-4367-BCA5-25500A3AC426}.Release|iPhoneSimulator.ActiveCfg = Release|Any CPU
		{10C5D9DA-C640-4367-BCA5-25500A3AC426}.Release|iPhoneSimulator.Build.0 = Release|Any CPU
		{10C5D9DA-C640-4367-BCA5-25500A3AC426}.Release|iPhoneSimulator.Deploy.0 = Release|Any CPU
	EndGlobalSection
	GlobalSection(SolutionProperties) = preSolution
		HideSolutionNode = FALSE
	EndGlobalSection
	GlobalSection(ExtensibilityGlobals) = postSolution
		SolutionGuid = {764B49B4-579C-4743-9DD5-BB22F11AAD4B}
	EndGlobalSection
EndGlobal
